
Microsoft Visual Studio Solution File, Format Version 12.00
# Visual Studio Version 17
VisualStudioVersion = 17.10.35013.160
MinimumVisualStudioVersion = 10.0.40219.1
Project("{9A19103F-16F7-4668-BE54-9A1E7A4F7556}") = "ADVTheme", "ADVTheme\ADVTheme.csproj", "{AA91C8A5-E793-4BDB-BCB1-3D599527CEE5}"
EndProject
Global
	GlobalSection(SolutionConfigurationPlatforms) = preSolution
		Debug|Any CPU = Debug|Any CPU
		Release|Any CPU = Release|Any CPU
	EndGlobalSection
	GlobalSection(ProjectConfigurationPlatforms) = postSolution
		{AA91C8A5-E793-4BDB-BCB1-3D599527CEE5}.Debug|Any CPU.ActiveCfg = Debug|Any CPU
		{AA91C8A5-E793-4BDB-BCB1-3D599527CEE5}.Debug|Any CPU.Build.0 = Debug|Any CPU
		{AA91C8A5-E793-4BDB-BCB1-3D599527CEE5}.Release|Any CPU.ActiveCfg = Release|Any CPU
		{AA91C8A5-E793-4BDB-BCB1-3D599527CEE5}.Release|Any CPU.Build.0 = Release|Any CPU
	EndGlobalSection
	GlobalSection(SolutionProperties) = preSolution
		HideSolutionNode = FALSE
	EndGlobalSection
	GlobalSection(ExtensibilityGlobals) = postSolution
		SolutionGuid = {BD2C6405-9097-4BD6-A079-91750DF1B0FA}
	EndGlobalSection
EndGlobal
